
Microsoft Visual Studio Solution File, Format Version 11.00
# Visual Studio 2010
Project("{FAE04EC0-301F-11D3-BF4B-00C04F79EFBC}") = "XODB.Module", "XODB.Module\XODB.Module.csproj", "{40349BAC-BA36-47FB-ABE9-45FD411BD45B}"
EndProject
Project("{FAE04EC0-301F-11D3-BF4B-00C04F79EFBC}") = "XODB.Module.Web", "XODB.Module.Web\XODB.Module.Web.csproj", "{C4E2E4F5-0A3E-4C65-8937-FE32DD3DB921}"
EndProject
Project("{00000000-0000-0000-0000-000000000000}") = "XODB.Web", "XODB.Web\XODB.Web.csproj", "{EBE73B4F-200A-4B1C-99AB-5AAE4B2E6B4B}"
EndProject
Project("{FAE04EC0-301F-11D3-BF4B-00C04F79EFBC}") = "XODB.Module.Win", "XODB.Module.Win\XODB.Module.Win.csproj", "{E79F8772-03DD-4E07-8219-EE99EA1528F3}"
EndProject
Project("{FAE04EC0-301F-11D3-BF4B-00C04F79EFBC}") = "XODB.Win", "XODB.Win\XODB.Win.csproj", "{45C1F358-12D7-47EF-807D-90D0A3D07262}"
EndProject
Global
	GlobalSection(SolutionConfigurationPlatforms) = preSolution
		Debug|Any CPU = Debug|Any CPU
		EasyTest|Any CPU = EasyTest|Any CPU
		Release|Any CPU = Release|Any CPU
	EndGlobalSection
	GlobalSection(ProjectConfigurationPlatforms) = postSolution
		{40349BAC-BA36-47FB-ABE9-45FD411BD45B}.Debug|Any CPU.ActiveCfg = Debug|Any CPU
		{40349BAC-BA36-47FB-ABE9-45FD411BD45B}.Debug|Any CPU.Build.0 = Debug|Any CPU
		{40349BAC-BA36-47FB-ABE9-45FD411BD45B}.EasyTest|Any CPU.ActiveCfg = EasyTest|Any CPU
		{40349BAC-BA36-47FB-ABE9-45FD411BD45B}.EasyTest|Any CPU.Build.0 = EasyTest|Any CPU
		{40349BAC-BA36-47FB-ABE9-45FD411BD45B}.Release|Any CPU.ActiveCfg = Release|Any CPU
		{40349BAC-BA36-47FB-ABE9-45FD411BD45B}.Release|Any CPU.Build.0 = Release|Any CPU
		{C4E2E4F5-0A3E-4C65-8937-FE32DD3DB921}.Debug|Any CPU.ActiveCfg = Debug|Any CPU
		{C4E2E4F5-0A3E-4C65-8937-FE32DD3DB921}.Debug|Any CPU.Build.0 = Debug|Any CPU
		{C4E2E4F5-0A3E-4C65-8937-FE32DD3DB921}.EasyTest|Any CPU.ActiveCfg = EasyTest|Any CPU
		{C4E2E4F5-0A3E-4C65-8937-FE32DD3DB921}.EasyTest|Any CPU.Build.0 = EasyTest|Any CPU
		{C4E2E4F5-0A3E-4C65-8937-FE32DD3DB921}.Release|Any CPU.ActiveCfg = Release|Any CPU
		{C4E2E4F5-0A3E-4C65-8937-FE32DD3DB921}.Release|Any CPU.Build.0 = Release|Any CPU
		{EBE73B4F-200A-4B1C-99AB-5AAE4B2E6B4B}.Debug|Any CPU.ActiveCfg = Debug|Any CPU
		{EBE73B4F-200A-4B1C-99AB-5AAE4B2E6B4B}.Debug|Any CPU.Build.0 = Debug|Any CPU
		{EBE73B4F-200A-4B1C-99AB-5AAE4B2E6B4B}.EasyTest|Any CPU.ActiveCfg = EasyTest|Any CPU
		{EBE73B4F-200A-4B1C-99AB-5AAE4B2E6B4B}.EasyTest|Any CPU.Build.0 = EasyTest|Any CPU
		{EBE73B4F-200A-4B1C-99AB-5AAE4B2E6B4B}.Release|Any CPU.ActiveCfg = Release|Any CPU
		{EBE73B4F-200A-4B1C-99AB-5AAE4B2E6B4B}.Release|Any CPU.Build.0 = Release|Any CPU
		{E79F8772-03DD-4E07-8219-EE99EA1528F3}.Debug|Any CPU.ActiveCfg = Debug|Any CPU
		{E79F8772-03DD-4E07-8219-EE99EA1528F3}.Debug|Any CPU.Build.0 = Debug|Any CPU
		{E79F8772-03DD-4E07-8219-EE99EA1528F3}.EasyTest|Any CPU.ActiveCfg = EasyTest|Any CPU
		{E79F8772-03DD-4E07-8219-EE99EA1528F3}.EasyTest|Any CPU.Build.0 = EasyTest|Any CPU
		{E79F8772-03DD-4E07-8219-EE99EA1528F3}.Release|Any CPU.ActiveCfg = Release|Any CPU
		{E79F8772-03DD-4E07-8219-EE99EA1528F3}.Release|Any CPU.Build.0 = Release|Any CPU
		{45C1F358-12D7-47EF-807D-90D0A3D07262}.Debug|Any CPU.ActiveCfg = Debug|Any CPU
		{45C1F358-12D7-47EF-807D-90D0A3D07262}.Debug|Any CPU.Build.0 = Debug|Any CPU
		{45C1F358-12D7-47EF-807D-90D0A3D07262}.EasyTest|Any CPU.ActiveCfg = EasyTest|Any CPU
		{45C1F358-12D7-47EF-807D-90D0A3D07262}.EasyTest|Any CPU.Build.0 = EasyTest|Any CPU
		{45C1F358-12D7-47EF-807D-90D0A3D07262}.Release|Any CPU.ActiveCfg = Release|Any CPU
		{45C1F358-12D7-47EF-807D-90D0A3D07262}.Release|Any CPU.Build.0 = Release|Any CPU
	EndGlobalSection
	GlobalSection(SolutionProperties) = preSolution
		HideSolutionNode = FALSE
	EndGlobalSection
EndGlobal
